
Microsoft Visual Studio Solution File, Format Version 12.00
# Visual Studio Version 16
VisualStudioVersion = 16.0.30204.135
MinimumVisualStudioVersion = 10.0.40219.1
Project("{9A19103F-16F7-4668-BE54-9A1E7A4F7556}") = "NDepend.Path", "NDepend.Path\NDepend.Path.csproj", "{AD683749-4EDD-46F8-8877-5F38DA42115A}"
EndProject
Project("{9A19103F-16F7-4668-BE54-9A1E7A4F7556}") = "NDepend.Path.Tests", "NDepend.Path.Tests\NDepend.Path.Tests.csproj", "{D14D6491-D99C-4F83-839B-0127618CE356}"
EndProject
Global
	GlobalSection(SolutionConfigurationPlatforms) = preSolution
		Debug|Any CPU = Debug|Any CPU
		Release|Any CPU = Release|Any CPU
	EndGlobalSection
	GlobalSection(ProjectConfigurationPlatforms) = postSolution
		{AD683749-4EDD-46F8-8877-5F38DA42115A}.Debug|Any CPU.ActiveCfg = Debug|Any CPU
		{AD683749-4EDD-46F8-8877-5F38DA42115A}.Debug|Any CPU.Build.0 = Debug|Any CPU
		{AD683749-4EDD-46F8-8877-5F38DA42115A}.Release|Any CPU.ActiveCfg = Release|Any CPU
		{AD683749-4EDD-46F8-8877-5F38DA42115A}.Release|Any CPU.Build.0 = Release|Any CPU
		{D14D6491-D99C-4F83-839B-0127618CE356}.Debug|Any CPU.ActiveCfg = Debug|Any CPU
		{D14D6491-D99C-4F83-839B-0127618CE356}.Debug|Any CPU.Build.0 = Debug|Any CPU
		{D14D6491-D99C-4F83-839B-0127618CE356}.Release|Any CPU.ActiveCfg = Release|Any CPU
		{D14D6491-D99C-4F83-839B-0127618CE356}.Release|Any CPU.Build.0 = Release|Any CPU
	EndGlobalSection
	GlobalSection(SolutionProperties) = preSolution
		HideSolutionNode = FALSE
	EndGlobalSection
	GlobalSection(ExtensibilityGlobals) = postSolution
		SolutionGuid = {6918855D-34DD-43C0-B69F-1F5783E42F86}
	EndGlobalSection
EndGlobal
